
Microsoft Visual Studio Solution File, Format Version 12.00
# Visual Studio 2012
Project("{FAE04EC0-301F-11D3-BF4B-00C04F79EFBC}") = "WafferlyApp", "WafferlyApp\WafferlyApp.csproj", "{B369AF6B-1FDA-41EF-B966-F12EC02622FC}"
EndProject
Project("{FAE04EC0-301F-11D3-BF4B-00C04F79EFBC}") = "WafferlyApp.iOS", "iOS\WafferlyApp.iOS.csproj", "{B8C593C1-4EA5-4CAE-9B9A-77E9D3AA95A3}"
EndProject
Project("{FAE04EC0-301F-11D3-BF4B-00C04F79EFBC}") = "WafferlyApp.UITests", "UITests\WafferlyApp.UITests.csproj", "{8A214851-9D1D-43CA-A1E5-5B0B61D37E4E}"
EndProject
Project("{FAE04EC0-301F-11D3-BF4B-00C04F79EFBC}") = "WafferlyApp.Droid", "Droid\WafferlyApp.Droid.csproj", "{9A513500-6755-4C3B-B0D2-BB97A875265C}"
EndProject
Global
	GlobalSection(SolutionConfigurationPlatforms) = preSolution
		Debug|Any CPU = Debug|Any CPU
		Release|Any CPU = Release|Any CPU
		Debug|iPhoneSimulator = Debug|iPhoneSimulator
		Release|iPhone = Release|iPhone
		Release|iPhoneSimulator = Release|iPhoneSimulator
		Debug|iPhone = Debug|iPhone
	EndGlobalSection
	GlobalSection(ProjectConfigurationPlatforms) = postSolution
		{B369AF6B-1FDA-41EF-B966-F12EC02622FC}.Debug|Any CPU.ActiveCfg = Debug|Any CPU
		{B369AF6B-1FDA-41EF-B966-F12EC02622FC}.Debug|Any CPU.Build.0 = Debug|Any CPU
		{B369AF6B-1FDA-41EF-B966-F12EC02622FC}.Release|Any CPU.ActiveCfg = Release|Any CPU
		{B369AF6B-1FDA-41EF-B966-F12EC02622FC}.Release|Any CPU.Build.0 = Release|Any CPU
		{B369AF6B-1FDA-41EF-B966-F12EC02622FC}.Debug|iPhoneSimulator.ActiveCfg = Debug|Any CPU
		{B369AF6B-1FDA-41EF-B966-F12EC02622FC}.Debug|iPhoneSimulator.Build.0 = Debug|Any CPU
		{B369AF6B-1FDA-41EF-B966-F12EC02622FC}.Release|iPhone.ActiveCfg = Release|Any CPU
		{B369AF6B-1FDA-41EF-B966-F12EC02622FC}.Release|iPhone.Build.0 = Release|Any CPU
		{B369AF6B-1FDA-41EF-B966-F12EC02622FC}.Release|iPhoneSimulator.ActiveCfg = Release|Any CPU
		{B369AF6B-1FDA-41EF-B966-F12EC02622FC}.Release|iPhoneSimulator.Build.0 = Release|Any CPU
		{B369AF6B-1FDA-41EF-B966-F12EC02622FC}.Debug|iPhone.ActiveCfg = Debug|Any CPU
		{B369AF6B-1FDA-41EF-B966-F12EC02622FC}.Debug|iPhone.Build.0 = Debug|Any CPU
		{B8C593C1-4EA5-4CAE-9B9A-77E9D3AA95A3}.Debug|Any CPU.ActiveCfg = Debug|iPhoneSimulator
		{B8C593C1-4EA5-4CAE-9B9A-77E9D3AA95A3}.Debug|Any CPU.Build.0 = Debug|iPhoneSimulator
		{B8C593C1-4EA5-4CAE-9B9A-77E9D3AA95A3}.Release|Any CPU.ActiveCfg = Release|iPhone
		{B8C593C1-4EA5-4CAE-9B9A-77E9D3AA95A3}.Release|Any CPU.Build.0 = Release|iPhone
		{B8C593C1-4EA5-4CAE-9B9A-77E9D3AA95A3}.Debug|iPhoneSimulator.ActiveCfg = Debug|iPhoneSimulator
		{B8C593C1-4EA5-4CAE-9B9A-77E9D3AA95A3}.Debug|iPhoneSimulator.Build.0 = Debug|iPhoneSimulator
		{B8C593C1-4EA5-4CAE-9B9A-77E9D3AA95A3}.Release|iPhone.ActiveCfg = Release|iPhone
		{B8C593C1-4EA5-4CAE-9B9A-77E9D3AA95A3}.Release|iPhone.Build.0 = Release|iPhone
		{B8C593C1-4EA5-4CAE-9B9A-77E9D3AA95A3}.Release|iPhoneSimulator.ActiveCfg = Release|iPhoneSimulator
		{B8C593C1-4EA5-4CAE-9B9A-77E9D3AA95A3}.Release|iPhoneSimulator.Build.0 = Release|iPhoneSimulator
		{B8C593C1-4EA5-4CAE-9B9A-77E9D3AA95A3}.Debug|iPhone.ActiveCfg = Debug|iPhone
		{B8C593C1-4EA5-4CAE-9B9A-77E9D3AA95A3}.Debug|iPhone.Build.0 = Debug|iPhone
		{8A214851-9D1D-43CA-A1E5-5B0B61D37E4E}.Debug|Any CPU.ActiveCfg = Debug|Any CPU
		{8A214851-9D1D-43CA-A1E5-5B0B61D37E4E}.Debug|Any CPU.Build.0 = Debug|Any CPU
		{8A214851-9D1D-43CA-A1E5-5B0B61D37E4E}.Release|Any CPU.ActiveCfg = Release|Any CPU
		{8A214851-9D1D-43CA-A1E5-5B0B61D37E4E}.Release|Any CPU.Build.0 = Release|Any CPU
		{8A214851-9D1D-43CA-A1E5-5B0B61D37E4E}.Debug|iPhoneSimulator.ActiveCfg = Debug|Any CPU
		{8A214851-9D1D-43CA-A1E5-5B0B61D37E4E}.Debug|iPhoneSimulator.Build.0 = Debug|Any CPU
		{8A214851-9D1D-43CA-A1E5-5B0B61D37E4E}.Release|iPhone.ActiveCfg = Release|Any CPU
		{8A214851-9D1D-43CA-A1E5-5B0B61D37E4E}.Release|iPhone.Build.0 = Release|Any CPU
		{8A214851-9D1D-43CA-A1E5-5B0B61D37E4E}.Release|iPhoneSimulator.ActiveCfg = Release|Any CPU
		{8A214851-9D1D-43CA-A1E5-5B0B61D37E4E}.Release|iPhoneSimulator.Build.0 = Release|Any CPU
		{8A214851-9D1D-43CA-A1E5-5B0B61D37E4E}.Debug|iPhone.ActiveCfg = Debug|Any CPU
		{8A214851-9D1D-43CA-A1E5-5B0B61D37E4E}.Debug|iPhone.Build.0 = Debug|Any CPU
		{9A513500-6755-4C3B-B0D2-BB97A875265C}.Debug|Any CPU.ActiveCfg = Debug|Any CPU
		{9A513500-6755-4C3B-B0D2-BB97A875265C}.Debug|Any CPU.Build.0 = Debug|Any CPU
		{9A513500-6755-4C3B-B0D2-BB97A875265C}.Release|Any CPU.ActiveCfg = Release|Any CPU
		{9A513500-6755-4C3B-B0D2-BB97A875265C}.Release|Any CPU.Build.0 = Release|Any CPU
		{9A513500-6755-4C3B-B0D2-BB97A875265C}.Debug|iPhoneSimulator.ActiveCfg = Debug|Any CPU
		{9A513500-6755-4C3B-B0D2-BB97A875265C}.Debug|iPhoneSimulator.Build.0 = Debug|Any CPU
		{9A513500-6755-4C3B-B0D2-BB97A875265C}.Release|iPhone.ActiveCfg = Release|Any CPU
		{9A513500-6755-4C3B-B0D2-BB97A875265C}.Release|iPhone.Build.0 = Release|Any CPU
		{9A513500-6755-4C3B-B0D2-BB97A875265C}.Release|iPhoneSimulator.ActiveCfg = Release|Any CPU
		{9A513500-6755-4C3B-B0D2-BB97A875265C}.Release|iPhoneSimulator.Build.0 = Release|Any CPU
		{9A513500-6755-4C3B-B0D2-BB97A875265C}.Debug|iPhone.ActiveCfg = Debug|Any CPU
		{9A513500-6755-4C3B-B0D2-BB97A875265C}.Debug|iPhone.Build.0 = Debug|Any CPU
	EndGlobalSection
	GlobalSection(MonoDevelopProperties) = preSolution
		Policies = $0
		$0.DotNetNamingPolicy = $1
		$1.DirectoryNamespaceAssociation = PrefixedHierarchical
		$0.VersionControlPolicy = $2
		$0.StandardHeader = $3
		version = 1.3
		description = @The initial version of Wafferly App. It includes basic search for home staples and details about each product.\nGoogle Ads are incorpoated in this version
	EndGlobalSection
EndGlobal
